
Microsoft Visual Studio Solution File, Format Version 12.00
# Visual Studio 15
Project("{FAE04EC0-301F-11D3-BF4B-00C04F79EFBC}") = "Assembly-CSharp", "Assembly-CSharp.csproj", "{7E296AF0-C22E-2EB6-EEC3-B4D9374D88C6}"
EndProject
Project("{FAE04EC0-301F-11D3-BF4B-00C04F79EFBC}") = "Assembly-CSharp-Editor", "Assembly-CSharp-Editor.csproj", "{DC9FC734-AF39-F26B-9A43-395A7A19D485}"
EndProject
Global
	GlobalSection(SolutionConfigurationPlatforms) = preSolution
		Debug|Any CPU = Debug|Any CPU
		Release|Any CPU = Release|Any CPU
	EndGlobalSection
	GlobalSection(ProjectConfigurationPlatforms) = postSolution
		{7E296AF0-C22E-2EB6-EEC3-B4D9374D88C6}.Debug|Any CPU.ActiveCfg = Debug|Any CPU
		{7E296AF0-C22E-2EB6-EEC3-B4D9374D88C6}.Debug|Any CPU.Build.0 = Debug|Any CPU
		{7E296AF0-C22E-2EB6-EEC3-B4D9374D88C6}.Release|Any CPU.ActiveCfg = Release|Any CPU
		{7E296AF0-C22E-2EB6-EEC3-B4D9374D88C6}.Release|Any CPU.Build.0 = Release|Any CPU
		{DC9FC734-AF39-F26B-9A43-395A7A19D485}.Debug|Any CPU.ActiveCfg = Debug|Any CPU
		{DC9FC734-AF39-F26B-9A43-395A7A19D485}.Debug|Any CPU.Build.0 = Debug|Any CPU
		{DC9FC734-AF39-F26B-9A43-395A7A19D485}.Release|Any CPU.ActiveCfg = Release|Any CPU
		{DC9FC734-AF39-F26B-9A43-395A7A19D485}.Release|Any CPU.Build.0 = Release|Any CPU
	EndGlobalSection
	GlobalSection(SolutionProperties) = preSolution
		HideSolutionNode = FALSE
	EndGlobalSection
EndGlobal
